
Microsoft Visual Studio Solution File, Format Version 12.00
# Visual Studio Version 16
VisualStudioVersion = 16.0.29609.76
MinimumVisualStudioVersion = 10.0.40219.1
Project("{888888A0-9F3D-457C-B088-3A5042F75D52}") = "avoda-yuval", "avoda-yuval\avoda-yuval.pyproj", "{D3C9F8D4-338E-4471-9DFB-96E44BFD15AC}"
EndProject
Global
	GlobalSection(SolutionConfigurationPlatforms) = preSolution
		Debug|Any CPU = Debug|Any CPU
		Release|Any CPU = Release|Any CPU
	EndGlobalSection
	GlobalSection(ProjectConfigurationPlatforms) = postSolution
		{D3C9F8D4-338E-4471-9DFB-96E44BFD15AC}.Debug|Any CPU.ActiveCfg = Debug|Any CPU
		{D3C9F8D4-338E-4471-9DFB-96E44BFD15AC}.Debug|Any CPU.Build.0 = Debug|Any CPU
		{D3C9F8D4-338E-4471-9DFB-96E44BFD15AC}.Release|Any CPU.ActiveCfg = Release|Any CPU
		{D3C9F8D4-338E-4471-9DFB-96E44BFD15AC}.Release|Any CPU.Build.0 = Release|Any CPU
	EndGlobalSection
	GlobalSection(SolutionProperties) = preSolution
		HideSolutionNode = FALSE
	EndGlobalSection
	GlobalSection(ExtensibilityGlobals) = postSolution
		SolutionGuid = {29EA35B9-1DCE-420D-B4CD-34D6003A8069}
	EndGlobalSection
EndGlobal
